
Microsoft Visual Studio Solution File, Format Version 12.00
# Visual Studio 15
VisualStudioVersion = 15.0.28010.2016
MinimumVisualStudioVersion = 10.0.40219.1
Project("{FAE04EC0-301F-11D3-BF4B-00C04F79EFBC}") = "FirstBasicProject2018", "FirstBasicProject2018\FirstBasicProject2018.csproj", "{E0715AA9-41A9-4F5A-8BB1-C0C471015B9F}"
EndProject
Global
	GlobalSection(SolutionConfigurationPlatforms) = preSolution
		Debug|Any CPU = Debug|Any CPU
		Release|Any CPU = Release|Any CPU
	EndGlobalSection
	GlobalSection(ProjectConfigurationPlatforms) = postSolution
		{E0715AA9-41A9-4F5A-8BB1-C0C471015B9F}.Debug|Any CPU.ActiveCfg = Debug|Any CPU
		{E0715AA9-41A9-4F5A-8BB1-C0C471015B9F}.Debug|Any CPU.Build.0 = Debug|Any CPU
		{E0715AA9-41A9-4F5A-8BB1-C0C471015B9F}.Release|Any CPU.ActiveCfg = Release|Any CPU
		{E0715AA9-41A9-4F5A-8BB1-C0C471015B9F}.Release|Any CPU.Build.0 = Release|Any CPU
	EndGlobalSection
	GlobalSection(SolutionProperties) = preSolution
		HideSolutionNode = FALSE
	EndGlobalSection
	GlobalSection(ExtensibilityGlobals) = postSolution
		SolutionGuid = {7A21B76D-4225-441B-A51B-8E7BC89705CD}
	EndGlobalSection
EndGlobal
	EndGlobalSection
	GlobalSection(ProjectConfigurationPlatforms) = postSolution
		{E0715AA9-41A9-4F5A-8BB1-C0C471015B9F}.Debug|Any CPU.ActiveCfg = Debug|Any CPU
		{E0715AA9-41A9-4F5A-8BB1-C0C471015B9F}.Debug|Any CPU.Build.0 = Debug|Any CPU
		{E0715AA9-41A9-4F5A-8BB1-C0C471015B9F}.Release|Any CPU.ActiveCfg = Release|Any CPU
		{E0715AA9-41A9-4F5A-8BB1-C0C471015B9F}.Release|Any CPU.Build.0 = Release|Any CPU
	EndGlobalSection
	
		EndGlobalSection
	GlobalSection(ProjectConfigurationPlatforms) = postSolution
		{E0715AA9-41A9-4F5A-8BB1-C0C471015B9F}.Debug|Any CPU.ActiveCfg = Debug|Any CPU
		{E0715AA9-41A9-4F5A-8BB1-C0C471015B9F}.Debug|Any CPU.Build.0 = Debug|Any CPU
		{E0715AA9-41A9-4F5A-8BB1-C0C471015B9F}.Release|Any CPU.ActiveCfg = Release|Any CPU
		{E0715AA9-41A9-4F5A-8BB1-C0C471015B9F}.Release|Any CPU.Build.0 = Release|Any CPU
	EndGlobalSection