
Microsoft Visual Studio Solution File, Format Version 12.00
# Visual Studio 15
VisualStudioVersion = 15.0.28010.2016
MinimumVisualStudioVersion = 10.0.40219.1
Project("{FAE04EC0-301F-11D3-BF4B-00C04F79EFBC}") = "DomesticAnimals", "DomesticAnimals\DomesticAnimals.csproj", "{E414C7B0-E3AD-4DF1-A00C-EB6D9B00A82F}"
EndProject
Project("{FAE04EC0-301F-11D3-BF4B-00C04F79EFBC}") = "WildAnimals", "WildAnimals\WildAnimals.csproj", "{827205B3-3D3B-4A58-A0C6-DA227499165F}"
EndProject
Project("{FAE04EC0-301F-11D3-BF4B-00C04F79EFBC}") = "ZooAnimals", "ZooAnimals\ZooAnimals.csproj", "{332CC6F3-A818-4277-B59F-B0A2D3BCAD6E}"
EndProject
Global
	GlobalSection(SolutionConfigurationPlatforms) = preSolution
		Debug|Any CPU = Debug|Any CPU
		Release|Any CPU = Release|Any CPU
	EndGlobalSection
	GlobalSection(ProjectConfigurationPlatforms) = postSolution
		{E414C7B0-E3AD-4DF1-A00C-EB6D9B00A82F}.Debug|Any CPU.ActiveCfg = Debug|Any CPU
		{E414C7B0-E3AD-4DF1-A00C-EB6D9B00A82F}.Debug|Any CPU.Build.0 = Debug|Any CPU
		{E414C7B0-E3AD-4DF1-A00C-EB6D9B00A82F}.Release|Any CPU.ActiveCfg = Release|Any CPU
		{E414C7B0-E3AD-4DF1-A00C-EB6D9B00A82F}.Release|Any CPU.Build.0 = Release|Any CPU
		{827205B3-3D3B-4A58-A0C6-DA227499165F}.Debug|Any CPU.ActiveCfg = Debug|Any CPU
		{827205B3-3D3B-4A58-A0C6-DA227499165F}.Debug|Any CPU.Build.0 = Debug|Any CPU
		{827205B3-3D3B-4A58-A0C6-DA227499165F}.Release|Any CPU.ActiveCfg = Release|Any CPU
		{827205B3-3D3B-4A58-A0C6-DA227499165F}.Release|Any CPU.Build.0 = Release|Any CPU
		{332CC6F3-A818-4277-B59F-B0A2D3BCAD6E}.Debug|Any CPU.ActiveCfg = Debug|Any CPU
		{332CC6F3-A818-4277-B59F-B0A2D3BCAD6E}.Debug|Any CPU.Build.0 = Debug|Any CPU
		{332CC6F3-A818-4277-B59F-B0A2D3BCAD6E}.Release|Any CPU.ActiveCfg = Release|Any CPU
		{332CC6F3-A818-4277-B59F-B0A2D3BCAD6E}.Release|Any CPU.Build.0 = Release|Any CPU
	EndGlobalSection
	GlobalSection(SolutionProperties) = preSolution
		HideSolutionNode = FALSE
	EndGlobalSection
	GlobalSection(ExtensibilityGlobals) = postSolution
		SolutionGuid = {C7C13C45-030A-473C-829C-22BD0A386EE0}
	EndGlobalSection
EndGlobal
